
Microsoft Visual Studio Solution File, Format Version 12.00
# Visual Studio Version 17
VisualStudioVersion = 17.0.32014.148
MinimumVisualStudioVersion = 10.0.40219.1
Project("{FAE04EC0-301F-11D3-BF4B-00C04F79EFBC}") = "MsSqlConsoleApp", "MsSqlConsoleApp.csproj", "{24DCEC0C-685C-46B0-8AE0-2DEA76CE95D7}"
EndProject
Global
	GlobalSection(SolutionConfigurationPlatforms) = preSolution
		Debug|Any CPU = Debug|Any CPU
		Release|Any CPU = Release|Any CPU
	EndGlobalSection
	GlobalSection(ProjectConfigurationPlatforms) = postSolution
		{24DCEC0C-685C-46B0-8AE0-2DEA76CE95D7}.Debug|Any CPU.ActiveCfg = Debug|Any CPU
		{24DCEC0C-685C-46B0-8AE0-2DEA76CE95D7}.Debug|Any CPU.Build.0 = Debug|Any CPU
		{24DCEC0C-685C-46B0-8AE0-2DEA76CE95D7}.Release|Any CPU.ActiveCfg = Release|Any CPU
		{24DCEC0C-685C-46B0-8AE0-2DEA76CE95D7}.Release|Any CPU.Build.0 = Release|Any CPU
	EndGlobalSection
	GlobalSection(SolutionProperties) = preSolution
		HideSolutionNode = FALSE
	EndGlobalSection
	GlobalSection(ExtensibilityGlobals) = postSolution
		SolutionGuid = {EDC1B17A-0C6D-4B01-8107-5BA445548E31}
	EndGlobalSection
EndGlobal
