
Microsoft Visual Studio Solution File, Format Version 12.00
# Visual Studio Version 17
VisualStudioVersion = 17.0.32014.148
MinimumVisualStudioVersion = 10.0.40219.1
Project("{FAE04EC0-301F-11D3-BF4B-00C04F79EFBC}") = "EntityFormApp", "EntityFormApp.csproj", "{65F5CE3E-7624-47A5-BABA-BAF02E186130}"
EndProject
Global
	GlobalSection(SolutionConfigurationPlatforms) = preSolution
		Debug|Any CPU = Debug|Any CPU
		Release|Any CPU = Release|Any CPU
	EndGlobalSection
	GlobalSection(ProjectConfigurationPlatforms) = postSolution
		{65F5CE3E-7624-47A5-BABA-BAF02E186130}.Debug|Any CPU.ActiveCfg = Debug|Any CPU
		{65F5CE3E-7624-47A5-BABA-BAF02E186130}.Debug|Any CPU.Build.0 = Debug|Any CPU
		{65F5CE3E-7624-47A5-BABA-BAF02E186130}.Release|Any CPU.ActiveCfg = Release|Any CPU
		{65F5CE3E-7624-47A5-BABA-BAF02E186130}.Release|Any CPU.Build.0 = Release|Any CPU
	EndGlobalSection
	GlobalSection(SolutionProperties) = preSolution
		HideSolutionNode = FALSE
	EndGlobalSection
	GlobalSection(ExtensibilityGlobals) = postSolution
		SolutionGuid = {FE732E68-67F1-4538-85BD-B120D4864B63}
	EndGlobalSection
EndGlobal
